
Microsoft Visual Studio Solution File, Format Version 12.00
Project("{FAE04EC0-301F-11D3-BF4B-00C04F79EFBC}") = "OnePunchApi", "OnePunchApi\OnePunchApi.csproj", "{129BA70E-3058-4F12-B639-B33BF0B51631}"
EndProject
Project("{FAE04EC0-301F-11D3-BF4B-00C04F79EFBC}") = "ConsoleApp", "ConsoleApp\ConsoleApp.csproj", "{7F00517A-3F0A-4DAD-9D2B-A7C6BD47512A}"
EndProject
Global
	GlobalSection(SolutionConfigurationPlatforms) = preSolution
		Debug|Any CPU = Debug|Any CPU
		Release|Any CPU = Release|Any CPU
	EndGlobalSection
	GlobalSection(ProjectConfigurationPlatforms) = postSolution
		{129BA70E-3058-4F12-B639-B33BF0B51631}.Debug|Any CPU.ActiveCfg = Debug|Any CPU
		{129BA70E-3058-4F12-B639-B33BF0B51631}.Debug|Any CPU.Build.0 = Debug|Any CPU
		{129BA70E-3058-4F12-B639-B33BF0B51631}.Release|Any CPU.ActiveCfg = Release|Any CPU
		{129BA70E-3058-4F12-B639-B33BF0B51631}.Release|Any CPU.Build.0 = Release|Any CPU
		{7F00517A-3F0A-4DAD-9D2B-A7C6BD47512A}.Debug|Any CPU.ActiveCfg = Debug|Any CPU
		{7F00517A-3F0A-4DAD-9D2B-A7C6BD47512A}.Debug|Any CPU.Build.0 = Debug|Any CPU
		{7F00517A-3F0A-4DAD-9D2B-A7C6BD47512A}.Release|Any CPU.ActiveCfg = Release|Any CPU
		{7F00517A-3F0A-4DAD-9D2B-A7C6BD47512A}.Release|Any CPU.Build.0 = Release|Any CPU
	EndGlobalSection
EndGlobal
