
Microsoft Visual Studio Solution File, Format Version 12.00
# Visual Studio Version 17
VisualStudioVersion = 17.3.32929.385
MinimumVisualStudioVersion = 10.0.40219.1
Project("{9A19103F-16F7-4668-BE54-9A1E7A4F7556}") = "ConsoleApp", "ConsoleApp\ConsoleApp.csproj", "{7F00517A-3F0A-4DAD-9D2B-A7C6BD47512A}"
EndProject
Project("{9A19103F-16F7-4668-BE54-9A1E7A4F7556}") = "Shared", "Shared\Shared.csproj", "{5FD5DABA-6D47-4EC4-986A-C4E27FE13F02}"
EndProject
Project("{9A19103F-16F7-4668-BE54-9A1E7A4F7556}") = "OnePunch.WPF", "OnePunch.WPF\OnePunch.WPF.csproj", "{F5678508-F4D0-49C4-8433-F06BA702385D}"
EndProject
Global
	GlobalSection(SolutionConfigurationPlatforms) = preSolution
		Debug|Any CPU = Debug|Any CPU
		Release|Any CPU = Release|Any CPU
	EndGlobalSection
	GlobalSection(ProjectConfigurationPlatforms) = postSolution
		{7F00517A-3F0A-4DAD-9D2B-A7C6BD47512A}.Debug|Any CPU.ActiveCfg = Debug|Any CPU
		{7F00517A-3F0A-4DAD-9D2B-A7C6BD47512A}.Debug|Any CPU.Build.0 = Debug|Any CPU
		{7F00517A-3F0A-4DAD-9D2B-A7C6BD47512A}.Release|Any CPU.ActiveCfg = Release|Any CPU
		{7F00517A-3F0A-4DAD-9D2B-A7C6BD47512A}.Release|Any CPU.Build.0 = Release|Any CPU
		{5FD5DABA-6D47-4EC4-986A-C4E27FE13F02}.Debug|Any CPU.ActiveCfg = Debug|Any CPU
		{5FD5DABA-6D47-4EC4-986A-C4E27FE13F02}.Debug|Any CPU.Build.0 = Debug|Any CPU
		{5FD5DABA-6D47-4EC4-986A-C4E27FE13F02}.Release|Any CPU.ActiveCfg = Release|Any CPU
		{5FD5DABA-6D47-4EC4-986A-C4E27FE13F02}.Release|Any CPU.Build.0 = Release|Any CPU
		{F5678508-F4D0-49C4-8433-F06BA702385D}.Debug|Any CPU.ActiveCfg = Debug|Any CPU
		{F5678508-F4D0-49C4-8433-F06BA702385D}.Debug|Any CPU.Build.0 = Debug|Any CPU
		{F5678508-F4D0-49C4-8433-F06BA702385D}.Release|Any CPU.ActiveCfg = Release|Any CPU
		{F5678508-F4D0-49C4-8433-F06BA702385D}.Release|Any CPU.Build.0 = Release|Any CPU
	EndGlobalSection
	GlobalSection(SolutionProperties) = preSolution
		HideSolutionNode = FALSE
	EndGlobalSection
	GlobalSection(ExtensibilityGlobals) = postSolution
		SolutionGuid = {A3FCC8E6-46EB-472E-818E-85BA124789BF}
	EndGlobalSection
EndGlobal
